
Microsoft Visual Studio Solution File, Format Version 12.00
# Visual Studio Version 16
VisualStudioVersion = 16.0.29509.3
MinimumVisualStudioVersion = 10.0.40219.1
Project("{FAE04EC0-301F-11D3-BF4B-00C04F79EFBC}") = "BankingApplication", "BankingApplication\BankingApplication.csproj", "{D94DE47E-83D9-4C94-8583-D2B07203680A}"
EndProject
Global
	GlobalSection(SolutionConfigurationPlatforms) = preSolution
		Debug|Any CPU = Debug|Any CPU
		Release|Any CPU = Release|Any CPU
	EndGlobalSection
	GlobalSection(ProjectConfigurationPlatforms) = postSolution
		{D94DE47E-83D9-4C94-8583-D2B07203680A}.Debug|Any CPU.ActiveCfg = Debug|Any CPU
		{D94DE47E-83D9-4C94-8583-D2B07203680A}.Debug|Any CPU.Build.0 = Debug|Any CPU
		{D94DE47E-83D9-4C94-8583-D2B07203680A}.Release|Any CPU.ActiveCfg = Release|Any CPU
		{D94DE47E-83D9-4C94-8583-D2B07203680A}.Release|Any CPU.Build.0 = Release|Any CPU
	EndGlobalSection
	GlobalSection(SolutionProperties) = preSolution
		HideSolutionNode = FALSE
	EndGlobalSection
	GlobalSection(ExtensibilityGlobals) = postSolution
		SolutionGuid = {0E87A0B0-9D1F-4111-A874-AAAE5BDE0CB7}
	EndGlobalSection
EndGlobal
